
Microsoft Visual Studio Solution File, Format Version 12.00
# Visual Studio Version 16
VisualStudioVersion = 16.0.29411.108
MinimumVisualStudioVersion = 10.0.40219.1
Project("{9A19103F-16F7-4668-BE54-9A1E7A4F7556}") = "Matrix", "Matrix\Matrix.csproj", "{DF75908F-3F02-4C75-9AB6-641CD42FAFA3}"
EndProject
Project("{2150E333-8FDC-42A3-9474-1A3956D46DE8}") = "TestFolder", "TestFolder", "{1EEE4552-2C4C-4AC3-A88B-2400F21256EF}"
EndProject
Project("{9A19103F-16F7-4668-BE54-9A1E7A4F7556}") = "TestProject", "TestProject\TestProject.csproj", "{C8841832-D450-4284-9BD5-6BBADEA04041}"
EndProject
Project("{2150E333-8FDC-42A3-9474-1A3956D46DE8}") = "Colection", "Colection", "{5EA51869-0045-4927-B48A-21ACFA2F85E6}"
EndProject
Project("{9A19103F-16F7-4668-BE54-9A1E7A4F7556}") = "Colections", "Colections\Colections.csproj", "{D64543B4-19C3-479B-AC55-B226863DBA2A}"
EndProject
Project("{2150E333-8FDC-42A3-9474-1A3956D46DE8}") = "if and else", "if and else", "{2CF96676-2C07-492F-A820-E0938DC75453}"
EndProject
Project("{9A19103F-16F7-4668-BE54-9A1E7A4F7556}") = "else and if", "else and if\else and if.csproj", "{3BDDB234-9938-474C-9BFB-E9E6DEAB312D}"
EndProject
Project("{2150E333-8FDC-42A3-9474-1A3956D46DE8}") = "for and foreach and while", "for and foreach and while", "{F4A86B24-9688-42CA-B706-05DDC9DF61DA}"
EndProject
Project("{9A19103F-16F7-4668-BE54-9A1E7A4F7556}") = "cikli", "cikli\cikli.csproj", "{66B69903-3D36-44DC-A131-850BF78F0C54}"
EndProject
Project("{2150E333-8FDC-42A3-9474-1A3956D46DE8}") = "Kata1", "Kata1", "{10313E22-3626-4E51-A9C2-978603F258E8}"
EndProject
Project("{9A19103F-16F7-4668-BE54-9A1E7A4F7556}") = "Kata1_1", "Kata1_1\Kata1_1.csproj", "{FFC9ABC8-EB68-4856-9DC1-A9C523E9CDFA}"
EndProject
Project("{2150E333-8FDC-42A3-9474-1A3956D46DE8}") = "kata2", "kata2", "{603ECD70-72F4-42EA-9F53-65867EE99AB6}"
EndProject
Project("{9A19103F-16F7-4668-BE54-9A1E7A4F7556}") = "Kata_2", "Kata_2\Kata_2.csproj", "{C130978A-641B-4387-B57B-C35C46906FD0}"
EndProject
Project("{2150E333-8FDC-42A3-9474-1A3956D46DE8}") = "kata3", "kata3", "{6E4A5F8C-4397-499B-90EA-7DCF9D2BFDDF}"
EndProject
Project("{9A19103F-16F7-4668-BE54-9A1E7A4F7556}") = "kata_3", "kata_3\kata_3.csproj", "{39A65E47-0542-46C5-A428-9FB5786887B8}"
EndProject
Project("{2150E333-8FDC-42A3-9474-1A3956D46DE8}") = "Magic Cube", "Magic Cube", "{736BFFAF-AA0D-4853-8657-EBFD1715CC54}"
EndProject
Project("{8BC9CEB8-8B4A-11D0-8D11-00A0C91BC942}") = "Magic_Cube", "Magic_Cube\Magic_Cube.vcxproj", "{2E31A2E3-DB3F-430D-A885-C1D3E97DA697}"
EndProject
Project("{8BC9CEB8-8B4A-11D0-8D11-00A0C91BC942}") = "Magic Cube part2", "Magic Cube part2\Magic Cube part2.vcxproj", "{80E4BE55-8436-4293-A5AF-B9D5A33E6A7E}"
EndProject
Project("{2150E333-8FDC-42A3-9474-1A3956D46DE8}") = "UI", "UI", "{0E4F7DCE-D28D-43F7-A881-4016077EBD7F}"
EndProject
Project("{FAE04EC0-301F-11D3-BF4B-00C04F79EFBC}") = "UI_Form", "UI_Form\UI_Form.csproj", "{D8D51450-A0F2-4164-9B9B-E72F2E4F769B}"
EndProject
Global
	GlobalSection(SolutionConfigurationPlatforms) = preSolution
		Debug|Any CPU = Debug|Any CPU
		Debug|x64 = Debug|x64
		Debug|x86 = Debug|x86
		Release|Any CPU = Release|Any CPU
		Release|x64 = Release|x64
		Release|x86 = Release|x86
	EndGlobalSection
	GlobalSection(ProjectConfigurationPlatforms) = postSolution
		{DF75908F-3F02-4C75-9AB6-641CD42FAFA3}.Debug|Any CPU.ActiveCfg = Debug|Any CPU
		{DF75908F-3F02-4C75-9AB6-641CD42FAFA3}.Debug|Any CPU.Build.0 = Debug|Any CPU
		{DF75908F-3F02-4C75-9AB6-641CD42FAFA3}.Debug|x64.ActiveCfg = Debug|Any CPU
		{DF75908F-3F02-4C75-9AB6-641CD42FAFA3}.Debug|x64.Build.0 = Debug|Any CPU
		{DF75908F-3F02-4C75-9AB6-641CD42FAFA3}.Debug|x86.ActiveCfg = Debug|Any CPU
		{DF75908F-3F02-4C75-9AB6-641CD42FAFA3}.Debug|x86.Build.0 = Debug|Any CPU
		{DF75908F-3F02-4C75-9AB6-641CD42FAFA3}.Release|Any CPU.ActiveCfg = Release|Any CPU
		{DF75908F-3F02-4C75-9AB6-641CD42FAFA3}.Release|Any CPU.Build.0 = Release|Any CPU
		{DF75908F-3F02-4C75-9AB6-641CD42FAFA3}.Release|x64.ActiveCfg = Release|Any CPU
		{DF75908F-3F02-4C75-9AB6-641CD42FAFA3}.Release|x64.Build.0 = Release|Any CPU
		{DF75908F-3F02-4C75-9AB6-641CD42FAFA3}.Release|x86.ActiveCfg = Release|Any CPU
		{DF75908F-3F02-4C75-9AB6-641CD42FAFA3}.Release|x86.Build.0 = Release|Any CPU
		{C8841832-D450-4284-9BD5-6BBADEA04041}.Debug|Any CPU.ActiveCfg = Debug|Any CPU
		{C8841832-D450-4284-9BD5-6BBADEA04041}.Debug|Any CPU.Build.0 = Debug|Any CPU
		{C8841832-D450-4284-9BD5-6BBADEA04041}.Debug|x64.ActiveCfg = Debug|Any CPU
		{C8841832-D450-4284-9BD5-6BBADEA04041}.Debug|x64.Build.0 = Debug|Any CPU
		{C8841832-D450-4284-9BD5-6BBADEA04041}.Debug|x86.ActiveCfg = Debug|Any CPU
		{C8841832-D450-4284-9BD5-6BBADEA04041}.Debug|x86.Build.0 = Debug|Any CPU
		{C8841832-D450-4284-9BD5-6BBADEA04041}.Release|Any CPU.ActiveCfg = Release|Any CPU
		{C8841832-D450-4284-9BD5-6BBADEA04041}.Release|Any CPU.Build.0 = Release|Any CPU
		{C8841832-D450-4284-9BD5-6BBADEA04041}.Release|x64.ActiveCfg = Release|Any CPU
		{C8841832-D450-4284-9BD5-6BBADEA04041}.Release|x64.Build.0 = Release|Any CPU
		{C8841832-D450-4284-9BD5-6BBADEA04041}.Release|x86.ActiveCfg = Release|Any CPU
		{C8841832-D450-4284-9BD5-6BBADEA04041}.Release|x86.Build.0 = Release|Any CPU
		{D64543B4-19C3-479B-AC55-B226863DBA2A}.Debug|Any CPU.ActiveCfg = Debug|Any CPU
		{D64543B4-19C3-479B-AC55-B226863DBA2A}.Debug|Any CPU.Build.0 = Debug|Any CPU
		{D64543B4-19C3-479B-AC55-B226863DBA2A}.Debug|x64.ActiveCfg = Debug|Any CPU
		{D64543B4-19C3-479B-AC55-B226863DBA2A}.Debug|x64.Build.0 = Debug|Any CPU
		{D64543B4-19C3-479B-AC55-B226863DBA2A}.Debug|x86.ActiveCfg = Debug|Any CPU
		{D64543B4-19C3-479B-AC55-B226863DBA2A}.Debug|x86.Build.0 = Debug|Any CPU
		{D64543B4-19C3-479B-AC55-B226863DBA2A}.Release|Any CPU.ActiveCfg = Release|Any CPU
		{D64543B4-19C3-479B-AC55-B226863DBA2A}.Release|Any CPU.Build.0 = Release|Any CPU
		{D64543B4-19C3-479B-AC55-B226863DBA2A}.Release|x64.ActiveCfg = Release|Any CPU
		{D64543B4-19C3-479B-AC55-B226863DBA2A}.Release|x64.Build.0 = Release|Any CPU
		{D64543B4-19C3-479B-AC55-B226863DBA2A}.Release|x86.ActiveCfg = Release|Any CPU
		{D64543B4-19C3-479B-AC55-B226863DBA2A}.Release|x86.Build.0 = Release|Any CPU
		{3BDDB234-9938-474C-9BFB-E9E6DEAB312D}.Debug|Any CPU.ActiveCfg = Debug|Any CPU
		{3BDDB234-9938-474C-9BFB-E9E6DEAB312D}.Debug|Any CPU.Build.0 = Debug|Any CPU
		{3BDDB234-9938-474C-9BFB-E9E6DEAB312D}.Debug|x64.ActiveCfg = Debug|Any CPU
		{3BDDB234-9938-474C-9BFB-E9E6DEAB312D}.Debug|x64.Build.0 = Debug|Any CPU
		{3BDDB234-9938-474C-9BFB-E9E6DEAB312D}.Debug|x86.ActiveCfg = Debug|Any CPU
		{3BDDB234-9938-474C-9BFB-E9E6DEAB312D}.Debug|x86.Build.0 = Debug|Any CPU
		{3BDDB234-9938-474C-9BFB-E9E6DEAB312D}.Release|Any CPU.ActiveCfg = Release|Any CPU
		{3BDDB234-9938-474C-9BFB-E9E6DEAB312D}.Release|Any CPU.Build.0 = Release|Any CPU
		{3BDDB234-9938-474C-9BFB-E9E6DEAB312D}.Release|x64.ActiveCfg = Release|Any CPU
		{3BDDB234-9938-474C-9BFB-E9E6DEAB312D}.Release|x64.Build.0 = Release|Any CPU
		{3BDDB234-9938-474C-9BFB-E9E6DEAB312D}.Release|x86.ActiveCfg = Release|Any CPU
		{3BDDB234-9938-474C-9BFB-E9E6DEAB312D}.Release|x86.Build.0 = Release|Any CPU
		{66B69903-3D36-44DC-A131-850BF78F0C54}.Debug|Any CPU.ActiveCfg = Debug|Any CPU
		{66B69903-3D36-44DC-A131-850BF78F0C54}.Debug|Any CPU.Build.0 = Debug|Any CPU
		{66B69903-3D36-44DC-A131-850BF78F0C54}.Debug|x64.ActiveCfg = Debug|Any CPU
		{66B69903-3D36-44DC-A131-850BF78F0C54}.Debug|x64.Build.0 = Debug|Any CPU
		{66B69903-3D36-44DC-A131-850BF78F0C54}.Debug|x86.ActiveCfg = Debug|Any CPU
		{66B69903-3D36-44DC-A131-850BF78F0C54}.Debug|x86.Build.0 = Debug|Any CPU
		{66B69903-3D36-44DC-A131-850BF78F0C54}.Release|Any CPU.ActiveCfg = Release|Any CPU
		{66B69903-3D36-44DC-A131-850BF78F0C54}.Release|Any CPU.Build.0 = Release|Any CPU
		{66B69903-3D36-44DC-A131-850BF78F0C54}.Release|x64.ActiveCfg = Release|Any CPU
		{66B69903-3D36-44DC-A131-850BF78F0C54}.Release|x64.Build.0 = Release|Any CPU
		{66B69903-3D36-44DC-A131-850BF78F0C54}.Release|x86.ActiveCfg = Release|Any CPU
		{66B69903-3D36-44DC-A131-850BF78F0C54}.Release|x86.Build.0 = Release|Any CPU
		{FFC9ABC8-EB68-4856-9DC1-A9C523E9CDFA}.Debug|Any CPU.ActiveCfg = Debug|Any CPU
		{FFC9ABC8-EB68-4856-9DC1-A9C523E9CDFA}.Debug|Any CPU.Build.0 = Debug|Any CPU
		{FFC9ABC8-EB68-4856-9DC1-A9C523E9CDFA}.Debug|x64.ActiveCfg = Debug|Any CPU
		{FFC9ABC8-EB68-4856-9DC1-A9C523E9CDFA}.Debug|x64.Build.0 = Debug|Any CPU
		{FFC9ABC8-EB68-4856-9DC1-A9C523E9CDFA}.Debug|x86.ActiveCfg = Debug|Any CPU
		{FFC9ABC8-EB68-4856-9DC1-A9C523E9CDFA}.Debug|x86.Build.0 = Debug|Any CPU
		{FFC9ABC8-EB68-4856-9DC1-A9C523E9CDFA}.Release|Any CPU.ActiveCfg = Release|Any CPU
		{FFC9ABC8-EB68-4856-9DC1-A9C523E9CDFA}.Release|Any CPU.Build.0 = Release|Any CPU
		{FFC9ABC8-EB68-4856-9DC1-A9C523E9CDFA}.Release|x64.ActiveCfg = Release|Any CPU
		{FFC9ABC8-EB68-4856-9DC1-A9C523E9CDFA}.Release|x64.Build.0 = Release|Any CPU
		{FFC9ABC8-EB68-4856-9DC1-A9C523E9CDFA}.Release|x86.ActiveCfg = Release|Any CPU
		{FFC9ABC8-EB68-4856-9DC1-A9C523E9CDFA}.Release|x86.Build.0 = Release|Any CPU
		{C130978A-641B-4387-B57B-C35C46906FD0}.Debug|Any CPU.ActiveCfg = Debug|Any CPU
		{C130978A-641B-4387-B57B-C35C46906FD0}.Debug|Any CPU.Build.0 = Debug|Any CPU
		{C130978A-641B-4387-B57B-C35C46906FD0}.Debug|x64.ActiveCfg = Debug|Any CPU
		{C130978A-641B-4387-B57B-C35C46906FD0}.Debug|x64.Build.0 = Debug|Any CPU
		{C130978A-641B-4387-B57B-C35C46906FD0}.Debug|x86.ActiveCfg = Debug|Any CPU
		{C130978A-641B-4387-B57B-C35C46906FD0}.Debug|x86.Build.0 = Debug|Any CPU
		{C130978A-641B-4387-B57B-C35C46906FD0}.Release|Any CPU.ActiveCfg = Release|Any CPU
		{C130978A-641B-4387-B57B-C35C46906FD0}.Release|Any CPU.Build.0 = Release|Any CPU
		{C130978A-641B-4387-B57B-C35C46906FD0}.Release|x64.ActiveCfg = Release|Any CPU
		{C130978A-641B-4387-B57B-C35C46906FD0}.Release|x64.Build.0 = Release|Any CPU
		{C130978A-641B-4387-B57B-C35C46906FD0}.Release|x86.ActiveCfg = Release|Any CPU
		{C130978A-641B-4387-B57B-C35C46906FD0}.Release|x86.Build.0 = Release|Any CPU
		{39A65E47-0542-46C5-A428-9FB5786887B8}.Debug|Any CPU.ActiveCfg = Debug|Any CPU
		{39A65E47-0542-46C5-A428-9FB5786887B8}.Debug|Any CPU.Build.0 = Debug|Any CPU
		{39A65E47-0542-46C5-A428-9FB5786887B8}.Debug|x64.ActiveCfg = Debug|Any CPU
		{39A65E47-0542-46C5-A428-9FB5786887B8}.Debug|x64.Build.0 = Debug|Any CPU
		{39A65E47-0542-46C5-A428-9FB5786887B8}.Debug|x86.ActiveCfg = Debug|Any CPU
		{39A65E47-0542-46C5-A428-9FB5786887B8}.Debug|x86.Build.0 = Debug|Any CPU
		{39A65E47-0542-46C5-A428-9FB5786887B8}.Release|Any CPU.ActiveCfg = Release|Any CPU
		{39A65E47-0542-46C5-A428-9FB5786887B8}.Release|Any CPU.Build.0 = Release|Any CPU
		{39A65E47-0542-46C5-A428-9FB5786887B8}.Release|x64.ActiveCfg = Release|Any CPU
		{39A65E47-0542-46C5-A428-9FB5786887B8}.Release|x64.Build.0 = Release|Any CPU
		{39A65E47-0542-46C5-A428-9FB5786887B8}.Release|x86.ActiveCfg = Release|Any CPU
		{39A65E47-0542-46C5-A428-9FB5786887B8}.Release|x86.Build.0 = Release|Any CPU
		{2E31A2E3-DB3F-430D-A885-C1D3E97DA697}.Debug|Any CPU.ActiveCfg = Debug|Win32
		{2E31A2E3-DB3F-430D-A885-C1D3E97DA697}.Debug|x64.ActiveCfg = Debug|x64
		{2E31A2E3-DB3F-430D-A885-C1D3E97DA697}.Debug|x64.Build.0 = Debug|x64
		{2E31A2E3-DB3F-430D-A885-C1D3E97DA697}.Debug|x86.ActiveCfg = Debug|Win32
		{2E31A2E3-DB3F-430D-A885-C1D3E97DA697}.Debug|x86.Build.0 = Debug|Win32
		{2E31A2E3-DB3F-430D-A885-C1D3E97DA697}.Release|Any CPU.ActiveCfg = Release|Win32
		{2E31A2E3-DB3F-430D-A885-C1D3E97DA697}.Release|x64.ActiveCfg = Release|x64
		{2E31A2E3-DB3F-430D-A885-C1D3E97DA697}.Release|x64.Build.0 = Release|x64
		{2E31A2E3-DB3F-430D-A885-C1D3E97DA697}.Release|x86.ActiveCfg = Release|Win32
		{2E31A2E3-DB3F-430D-A885-C1D3E97DA697}.Release|x86.Build.0 = Release|Win32
		{80E4BE55-8436-4293-A5AF-B9D5A33E6A7E}.Debug|Any CPU.ActiveCfg = Debug|Win32
		{80E4BE55-8436-4293-A5AF-B9D5A33E6A7E}.Debug|x64.ActiveCfg = Debug|x64
		{80E4BE55-8436-4293-A5AF-B9D5A33E6A7E}.Debug|x64.Build.0 = Debug|x64
		{80E4BE55-8436-4293-A5AF-B9D5A33E6A7E}.Debug|x86.ActiveCfg = Debug|Win32
		{80E4BE55-8436-4293-A5AF-B9D5A33E6A7E}.Debug|x86.Build.0 = Debug|Win32
		{80E4BE55-8436-4293-A5AF-B9D5A33E6A7E}.Release|Any CPU.ActiveCfg = Release|Win32
		{80E4BE55-8436-4293-A5AF-B9D5A33E6A7E}.Release|x64.ActiveCfg = Release|x64
		{80E4BE55-8436-4293-A5AF-B9D5A33E6A7E}.Release|x64.Build.0 = Release|x64
		{80E4BE55-8436-4293-A5AF-B9D5A33E6A7E}.Release|x86.ActiveCfg = Release|Win32
		{80E4BE55-8436-4293-A5AF-B9D5A33E6A7E}.Release|x86.Build.0 = Release|Win32
		{D8D51450-A0F2-4164-9B9B-E72F2E4F769B}.Debug|Any CPU.ActiveCfg = Debug|Any CPU
		{D8D51450-A0F2-4164-9B9B-E72F2E4F769B}.Debug|Any CPU.Build.0 = Debug|Any CPU
		{D8D51450-A0F2-4164-9B9B-E72F2E4F769B}.Debug|x64.ActiveCfg = Debug|Any CPU
		{D8D51450-A0F2-4164-9B9B-E72F2E4F769B}.Debug|x64.Build.0 = Debug|Any CPU
		{D8D51450-A0F2-4164-9B9B-E72F2E4F769B}.Debug|x86.ActiveCfg = Debug|Any CPU
		{D8D51450-A0F2-4164-9B9B-E72F2E4F769B}.Debug|x86.Build.0 = Debug|Any CPU
		{D8D51450-A0F2-4164-9B9B-E72F2E4F769B}.Release|Any CPU.ActiveCfg = Release|Any CPU
		{D8D51450-A0F2-4164-9B9B-E72F2E4F769B}.Release|Any CPU.Build.0 = Release|Any CPU
		{D8D51450-A0F2-4164-9B9B-E72F2E4F769B}.Release|x64.ActiveCfg = Release|Any CPU
		{D8D51450-A0F2-4164-9B9B-E72F2E4F769B}.Release|x64.Build.0 = Release|Any CPU
		{D8D51450-A0F2-4164-9B9B-E72F2E4F769B}.Release|x86.ActiveCfg = Release|Any CPU
		{D8D51450-A0F2-4164-9B9B-E72F2E4F769B}.Release|x86.Build.0 = Release|Any CPU
	EndGlobalSection
	GlobalSection(SolutionProperties) = preSolution
		HideSolutionNode = FALSE
	EndGlobalSection
	GlobalSection(NestedProjects) = preSolution
		{C8841832-D450-4284-9BD5-6BBADEA04041} = {1EEE4552-2C4C-4AC3-A88B-2400F21256EF}
		{D64543B4-19C3-479B-AC55-B226863DBA2A} = {5EA51869-0045-4927-B48A-21ACFA2F85E6}
		{3BDDB234-9938-474C-9BFB-E9E6DEAB312D} = {2CF96676-2C07-492F-A820-E0938DC75453}
		{66B69903-3D36-44DC-A131-850BF78F0C54} = {F4A86B24-9688-42CA-B706-05DDC9DF61DA}
		{FFC9ABC8-EB68-4856-9DC1-A9C523E9CDFA} = {10313E22-3626-4E51-A9C2-978603F258E8}
		{C130978A-641B-4387-B57B-C35C46906FD0} = {603ECD70-72F4-42EA-9F53-65867EE99AB6}
		{39A65E47-0542-46C5-A428-9FB5786887B8} = {6E4A5F8C-4397-499B-90EA-7DCF9D2BFDDF}
		{2E31A2E3-DB3F-430D-A885-C1D3E97DA697} = {736BFFAF-AA0D-4853-8657-EBFD1715CC54}
		{80E4BE55-8436-4293-A5AF-B9D5A33E6A7E} = {736BFFAF-AA0D-4853-8657-EBFD1715CC54}
		{D8D51450-A0F2-4164-9B9B-E72F2E4F769B} = {0E4F7DCE-D28D-43F7-A881-4016077EBD7F}
	EndGlobalSection
	GlobalSection(ExtensibilityGlobals) = postSolution
		SolutionGuid = {6F009521-1830-44FE-88A7-64C675D521E5}
	EndGlobalSection
EndGlobal
